
Microsoft Visual Studio Solution File, Format Version 12.00
# Visual Studio Version 16
VisualStudioVersion = 16.0.29709.97
MinimumVisualStudioVersion = 10.0.40219.1
Project("{FAE04EC0-301F-11D3-BF4B-00C04F79EFBC}") = "backend", "backend.csproj", "{273E1EC8-5D60-4285-9627-08FBE8191312}"
EndProject
Project("{FAE04EC0-301F-11D3-BF4B-00C04F79EFBC}") = "backend.Tests", "..\backend.Tests\backend.Tests.csproj", "{2E5A86C0-CBFA-4076-89AC-22F3C0BD9E2D}"
EndProject
Project("{FAE04EC0-301F-11D3-BF4B-00C04F79EFBC}") = "backend.DTOs", "..\backend.DTOs\backend.DTOs.csproj", "{D3CC7687-00A2-4CB7-AA9E-8AF486F2E2CA}"
EndProject
Project("{FAE04EC0-301F-11D3-BF4B-00C04F79EFBC}") = "backend.authentication", "..\backend.authentication\backend.authentication.csproj", "{26854A98-C8EC-4AF0-8B97-CAA20A886C3F}"
EndProject
Project("{FAE04EC0-301F-11D3-BF4B-00C04F79EFBC}") = "backend.authentication.Tests", "backend.authentication.Tests\backend.authentication.Tests.csproj", "{EE21A640-75A5-4336-835E-DEE1D405BA98}"
EndProject
Global
	GlobalSection(SolutionConfigurationPlatforms) = preSolution
		Debug|Any CPU = Debug|Any CPU
		Release|Any CPU = Release|Any CPU
	EndGlobalSection
	GlobalSection(ProjectConfigurationPlatforms) = postSolution
		{273E1EC8-5D60-4285-9627-08FBE8191312}.Debug|Any CPU.ActiveCfg = Debug|Any CPU
		{273E1EC8-5D60-4285-9627-08FBE8191312}.Debug|Any CPU.Build.0 = Debug|Any CPU
		{273E1EC8-5D60-4285-9627-08FBE8191312}.Release|Any CPU.ActiveCfg = Release|Any CPU
		{273E1EC8-5D60-4285-9627-08FBE8191312}.Release|Any CPU.Build.0 = Release|Any CPU
		{2E5A86C0-CBFA-4076-89AC-22F3C0BD9E2D}.Debug|Any CPU.ActiveCfg = Debug|Any CPU
		{2E5A86C0-CBFA-4076-89AC-22F3C0BD9E2D}.Debug|Any CPU.Build.0 = Debug|Any CPU
		{2E5A86C0-CBFA-4076-89AC-22F3C0BD9E2D}.Release|Any CPU.ActiveCfg = Release|Any CPU
		{2E5A86C0-CBFA-4076-89AC-22F3C0BD9E2D}.Release|Any CPU.Build.0 = Release|Any CPU
		{D3CC7687-00A2-4CB7-AA9E-8AF486F2E2CA}.Debug|Any CPU.ActiveCfg = Debug|Any CPU
		{D3CC7687-00A2-4CB7-AA9E-8AF486F2E2CA}.Debug|Any CPU.Build.0 = Debug|Any CPU
		{D3CC7687-00A2-4CB7-AA9E-8AF486F2E2CA}.Release|Any CPU.ActiveCfg = Release|Any CPU
		{D3CC7687-00A2-4CB7-AA9E-8AF486F2E2CA}.Release|Any CPU.Build.0 = Release|Any CPU
		{26854A98-C8EC-4AF0-8B97-CAA20A886C3F}.Debug|Any CPU.ActiveCfg = Debug|Any CPU
		{26854A98-C8EC-4AF0-8B97-CAA20A886C3F}.Debug|Any CPU.Build.0 = Debug|Any CPU
		{26854A98-C8EC-4AF0-8B97-CAA20A886C3F}.Release|Any CPU.ActiveCfg = Release|Any CPU
		{26854A98-C8EC-4AF0-8B97-CAA20A886C3F}.Release|Any CPU.Build.0 = Release|Any CPU
		{EE21A640-75A5-4336-835E-DEE1D405BA98}.Debug|Any CPU.ActiveCfg = Debug|Any CPU
		{EE21A640-75A5-4336-835E-DEE1D405BA98}.Debug|Any CPU.Build.0 = Debug|Any CPU
		{EE21A640-75A5-4336-835E-DEE1D405BA98}.Release|Any CPU.ActiveCfg = Release|Any CPU
		{EE21A640-75A5-4336-835E-DEE1D405BA98}.Release|Any CPU.Build.0 = Release|Any CPU
	EndGlobalSection
	GlobalSection(SolutionProperties) = preSolution
		HideSolutionNode = FALSE
	EndGlobalSection
	GlobalSection(ExtensibilityGlobals) = postSolution
		SolutionGuid = {12660289-AC40-4305-8BC9-12334FD7F718}
	EndGlobalSection
EndGlobal
